
Microsoft Visual Studio Solution File, Format Version 12.00
# Visual Studio 14
VisualStudioVersion = 14.0.24720.0
MinimumVisualStudioVersion = 10.0.40219.1
Project("{FAE04EC0-301F-11D3-BF4B-00C04F79EFBC}") = "dw-hack-iot", "dw-hack-iot.csproj", "{CB929781-7798-490C-93EA-34540953DE18}"
EndProject
Project("{FAE04EC0-301F-11D3-BF4B-00C04F79EFBC}") = "ReadDeviceToCloudMessages", "..\ReadDeviceToCloudMessages\ReadDeviceToCloudMessages.csproj", "{FDA88BFE-4181-43C9-9C89-C0DA64B0FB6C}"
EndProject
Project("{FAE04EC0-301F-11D3-BF4B-00C04F79EFBC}") = "SimulatedDevice", "..\SimulatedDevice\SimulatedDevice.csproj", "{C964829C-4873-4CE9-80F5-24306185EFFC}"
EndProject
Project("{FAE04EC0-301F-11D3-BF4B-00C04F79EFBC}") = "consoleAlert", "..\consoleAlert\consoleAlert.csproj", "{E12CFFB3-6814-4BDC-BF63-936FD51227F2}"
EndProject
Global
	GlobalSection(SolutionConfigurationPlatforms) = preSolution
		Debug|Any CPU = Debug|Any CPU
		Release|Any CPU = Release|Any CPU
	EndGlobalSection
	GlobalSection(ProjectConfigurationPlatforms) = postSolution
		{CB929781-7798-490C-93EA-34540953DE18}.Debug|Any CPU.ActiveCfg = Debug|Any CPU
		{CB929781-7798-490C-93EA-34540953DE18}.Debug|Any CPU.Build.0 = Debug|Any CPU
		{CB929781-7798-490C-93EA-34540953DE18}.Release|Any CPU.ActiveCfg = Release|Any CPU
		{CB929781-7798-490C-93EA-34540953DE18}.Release|Any CPU.Build.0 = Release|Any CPU
		{FDA88BFE-4181-43C9-9C89-C0DA64B0FB6C}.Debug|Any CPU.ActiveCfg = Debug|Any CPU
		{FDA88BFE-4181-43C9-9C89-C0DA64B0FB6C}.Debug|Any CPU.Build.0 = Debug|Any CPU
		{FDA88BFE-4181-43C9-9C89-C0DA64B0FB6C}.Release|Any CPU.ActiveCfg = Release|Any CPU
		{FDA88BFE-4181-43C9-9C89-C0DA64B0FB6C}.Release|Any CPU.Build.0 = Release|Any CPU
		{C964829C-4873-4CE9-80F5-24306185EFFC}.Debug|Any CPU.ActiveCfg = Debug|Any CPU
		{C964829C-4873-4CE9-80F5-24306185EFFC}.Debug|Any CPU.Build.0 = Debug|Any CPU
		{C964829C-4873-4CE9-80F5-24306185EFFC}.Release|Any CPU.ActiveCfg = Release|Any CPU
		{C964829C-4873-4CE9-80F5-24306185EFFC}.Release|Any CPU.Build.0 = Release|Any CPU
		{E12CFFB3-6814-4BDC-BF63-936FD51227F2}.Debug|Any CPU.ActiveCfg = Debug|Any CPU
		{E12CFFB3-6814-4BDC-BF63-936FD51227F2}.Debug|Any CPU.Build.0 = Debug|Any CPU
		{E12CFFB3-6814-4BDC-BF63-936FD51227F2}.Release|Any CPU.ActiveCfg = Release|Any CPU
		{E12CFFB3-6814-4BDC-BF63-936FD51227F2}.Release|Any CPU.Build.0 = Release|Any CPU
	EndGlobalSection
	GlobalSection(SolutionProperties) = preSolution
		HideSolutionNode = FALSE
	EndGlobalSection
EndGlobal
